{
  "name": "@hexlet/code",
  "version": "1.0.0",
  "lockfileVersion": 3,
  "requires": true,
  "packages": {
    "": {
      "name": "@hexlet/code",
      "version": "1.0.0",
      "license": "ISC",
      "dependencies": {
        "readline-sync": "^1.4.10"
      },
      "bin": {
        "brain-games": "bin/brain-games.js"
      }
    },
    "../../.nvm/versions/node/v21.3.0/lib/node_modules/publish": {
      "version": "0.6.0",
      "extraneous": true,
      "license": "MIT",
      "dependencies": {
        "nopt": "3.x.x",
        "npm": "2.x.x",
        "npmlog": "1.x.x",
        "semver": "4.x.x"
      },
      "bin": {
        "publish": "bin/publish.js"
      },
      "devDependencies": {
        "mocha": "^2.4.5"
      }
    },
    "node_modules/readline-sync": {
      "version": "1.4.10",
      "resolved": "https://registry.npmjs.org/readline-sync/-/readline-sync-1.4.10.tgz",
      "integrity": "sha512-gNva8/6UAe8QYepIQH/jQ2qn91Qj0B9sYjMBBs3QOB8F2CXcKgLxQaJRP76sWVRQt+QU+8fAkCbCvjjMFu7Ycw==",
      "engines": {
        "node": ">= 0.8.0"
      }
    }
  }
}
